{
  "name": "@tharsis/proto",
  "version": "0.1.15",
  "lockfileVersion": 1,
  "requires": true,
  "dependencies": {
    "protoc-gen-ts": {
      "version": "0.8.3",
      "resolved": "https://registry.npmjs.org/protoc-gen-ts/-/protoc-gen-ts-0.8.3.tgz",
      "integrity": "sha512-kJzK+0vjnA+lnIIp8AoXWArpBqwADrfuH1jg1HbfqTZoAmw67reJRZRlH2CFaAO76zS3Ir/0xlUWqgG/9x4jdA==",
      "dev": true
    }
  }
}
